
Microsoft Visual Studio Solution File, Format Version 12.00
# Visual Studio Version 17
VisualStudioVersion = 17.9.34622.214
MinimumVisualStudioVersion = 10.0.40219.1
Project("{FAE04EC0-301F-11D3-BF4B-00C04F79EFBC}") = "OnlineShoppingApp", "OnlineShoppingApp\OnlineShoppingApp.csproj", "{28336940-DC0B-480F-891C-120FE1D61D0F}"
EndProject
Global
	GlobalSection(SolutionConfigurationPlatforms) = preSolution
		Debug|Any CPU = Debug|Any CPU
		Release|Any CPU = Release|Any CPU
	EndGlobalSection
	GlobalSection(ProjectConfigurationPlatforms) = postSolution
		{28336940-DC0B-480F-891C-120FE1D61D0F}.Debug|Any CPU.ActiveCfg = Debug|Any CPU
		{28336940-DC0B-480F-891C-120FE1D61D0F}.Debug|Any CPU.Build.0 = Debug|Any CPU
		{28336940-DC0B-480F-891C-120FE1D61D0F}.Release|Any CPU.ActiveCfg = Release|Any CPU
		{28336940-DC0B-480F-891C-120FE1D61D0F}.Release|Any CPU.Build.0 = Release|Any CPU
	EndGlobalSection
	GlobalSection(SolutionProperties) = preSolution
		HideSolutionNode = FALSE
	EndGlobalSection
	GlobalSection(ExtensibilityGlobals) = postSolution
		SolutionGuid = {89BC4E5E-6619-4188-8484-50C670745A5F}
	EndGlobalSection
EndGlobal
